
Microsoft Visual Studio Solution File, Format Version 12.00
# Visual Studio 15
VisualStudioVersion = 15.0.27130.2010
MinimumVisualStudioVersion = 10.0.40219.1
Project("{2150E333-8FDC-42A3-9474-1A3956D46DE8}") = "Base64", "Base64", "{8245C3AD-DE18-4566-A8A5-28B9FB066DF2}"
EndProject
Project("{2150E333-8FDC-42A3-9474-1A3956D46DE8}") = "POP3", "POP3", "{F078F671-74CA-4CA7-AC11-234D38B6CEA6}"
EndProject
Project("{2150E333-8FDC-42A3-9474-1A3956D46DE8}") = "SMTP", "SMTP", "{0570A6D6-F108-42EA-967B-CFA1F2178D2A}"
EndProject
Project("{2150E333-8FDC-42A3-9474-1A3956D46DE8}") = "FTP", "FTP", "{24DD620C-52F8-48CA-9563-8D2FC11CB8CF}"
EndProject
Project("{FAE04EC0-301F-11D3-BF4B-00C04F79EFBC}") = "Base64GUI", "Base64Converter\Base64GUI\Base64GUI.csproj", "{556B9150-D5BC-414F-AC23-63C5A852D40F}"
EndProject
Project("{FAE04EC0-301F-11D3-BF4B-00C04F79EFBC}") = "Base64Library", "Base64Converter\Base64Library\Base64Library.csproj", "{F026D304-5458-4D54-9E9A-85AFA7AA7DCE}"
EndProject
Project("{FAE04EC0-301F-11D3-BF4B-00C04F79EFBC}") = "FtpGUI", "FTP\GUI\FtpGUI.csproj", "{30E508F9-EEFE-499A-955F-9611F17B2F18}"
EndProject
Project("{FAE04EC0-301F-11D3-BF4B-00C04F79EFBC}") = "FtpLibrary", "FTP\FtpLibrary\FtpLibrary.csproj", "{78801604-368E-41A0-85CE-E0BD72B57CA4}"
EndProject
Project("{FAE04EC0-301F-11D3-BF4B-00C04F79EFBC}") = "Pop3GUI", "POP3\GUI\Pop3GUI.csproj", "{93FEB4D6-2126-4EF8-B318-C2CFA71AFB85}"
EndProject
Project("{FAE04EC0-301F-11D3-BF4B-00C04F79EFBC}") = "POP3Library", "POP3\POP3Library\POP3Library.csproj", "{8B9F9F07-4925-49E7-9D0C-EF4CD43AD879}"
EndProject
Project("{FAE04EC0-301F-11D3-BF4B-00C04F79EFBC}") = "SmtpGUI", "SMTP\GUI\SmtpGUI.csproj", "{B7E37103-BBD1-4E21-83EA-133223422B29}"
EndProject
Project("{FAE04EC0-301F-11D3-BF4B-00C04F79EFBC}") = "SMTPLibrary", "SMTP\SMTPLibrary\SMTPLibrary.csproj", "{66D52BB3-C3E6-4DFD-89B9-763645936901}"
EndProject
Global
	GlobalSection(SolutionConfigurationPlatforms) = preSolution
		Debug|Any CPU = Debug|Any CPU
		Release|Any CPU = Release|Any CPU
	EndGlobalSection
	GlobalSection(ProjectConfigurationPlatforms) = postSolution
		{556B9150-D5BC-414F-AC23-63C5A852D40F}.Debug|Any CPU.ActiveCfg = Debug|Any CPU
		{556B9150-D5BC-414F-AC23-63C5A852D40F}.Debug|Any CPU.Build.0 = Debug|Any CPU
		{556B9150-D5BC-414F-AC23-63C5A852D40F}.Release|Any CPU.ActiveCfg = Release|Any CPU
		{556B9150-D5BC-414F-AC23-63C5A852D40F}.Release|Any CPU.Build.0 = Release|Any CPU
		{F026D304-5458-4D54-9E9A-85AFA7AA7DCE}.Debug|Any CPU.ActiveCfg = Debug|Any CPU
		{F026D304-5458-4D54-9E9A-85AFA7AA7DCE}.Debug|Any CPU.Build.0 = Debug|Any CPU
		{F026D304-5458-4D54-9E9A-85AFA7AA7DCE}.Release|Any CPU.ActiveCfg = Release|Any CPU
		{F026D304-5458-4D54-9E9A-85AFA7AA7DCE}.Release|Any CPU.Build.0 = Release|Any CPU
		{30E508F9-EEFE-499A-955F-9611F17B2F18}.Debug|Any CPU.ActiveCfg = Debug|Any CPU
		{30E508F9-EEFE-499A-955F-9611F17B2F18}.Debug|Any CPU.Build.0 = Debug|Any CPU
		{30E508F9-EEFE-499A-955F-9611F17B2F18}.Release|Any CPU.ActiveCfg = Release|Any CPU
		{30E508F9-EEFE-499A-955F-9611F17B2F18}.Release|Any CPU.Build.0 = Release|Any CPU
		{78801604-368E-41A0-85CE-E0BD72B57CA4}.Debug|Any CPU.ActiveCfg = Debug|Any CPU
		{78801604-368E-41A0-85CE-E0BD72B57CA4}.Debug|Any CPU.Build.0 = Debug|Any CPU
		{78801604-368E-41A0-85CE-E0BD72B57CA4}.Release|Any CPU.ActiveCfg = Release|Any CPU
		{78801604-368E-41A0-85CE-E0BD72B57CA4}.Release|Any CPU.Build.0 = Release|Any CPU
		{93FEB4D6-2126-4EF8-B318-C2CFA71AFB85}.Debug|Any CPU.ActiveCfg = Debug|Any CPU
		{93FEB4D6-2126-4EF8-B318-C2CFA71AFB85}.Debug|Any CPU.Build.0 = Debug|Any CPU
		{93FEB4D6-2126-4EF8-B318-C2CFA71AFB85}.Release|Any CPU.ActiveCfg = Release|Any CPU
		{93FEB4D6-2126-4EF8-B318-C2CFA71AFB85}.Release|Any CPU.Build.0 = Release|Any CPU
		{8B9F9F07-4925-49E7-9D0C-EF4CD43AD879}.Debug|Any CPU.ActiveCfg = Debug|Any CPU
		{8B9F9F07-4925-49E7-9D0C-EF4CD43AD879}.Debug|Any CPU.Build.0 = Debug|Any CPU
		{8B9F9F07-4925-49E7-9D0C-EF4CD43AD879}.Release|Any CPU.ActiveCfg = Release|Any CPU
		{8B9F9F07-4925-49E7-9D0C-EF4CD43AD879}.Release|Any CPU.Build.0 = Release|Any CPU
		{B7E37103-BBD1-4E21-83EA-133223422B29}.Debug|Any CPU.ActiveCfg = Debug|Any CPU
		{B7E37103-BBD1-4E21-83EA-133223422B29}.Debug|Any CPU.Build.0 = Debug|Any CPU
		{B7E37103-BBD1-4E21-83EA-133223422B29}.Release|Any CPU.ActiveCfg = Release|Any CPU
		{B7E37103-BBD1-4E21-83EA-133223422B29}.Release|Any CPU.Build.0 = Release|Any CPU
		{66D52BB3-C3E6-4DFD-89B9-763645936901}.Debug|Any CPU.ActiveCfg = Debug|Any CPU
		{66D52BB3-C3E6-4DFD-89B9-763645936901}.Debug|Any CPU.Build.0 = Debug|Any CPU
		{66D52BB3-C3E6-4DFD-89B9-763645936901}.Release|Any CPU.ActiveCfg = Release|Any CPU
		{66D52BB3-C3E6-4DFD-89B9-763645936901}.Release|Any CPU.Build.0 = Release|Any CPU
	EndGlobalSection
	GlobalSection(SolutionProperties) = preSolution
		HideSolutionNode = FALSE
	EndGlobalSection
	GlobalSection(NestedProjects) = preSolution
		{556B9150-D5BC-414F-AC23-63C5A852D40F} = {8245C3AD-DE18-4566-A8A5-28B9FB066DF2}
		{F026D304-5458-4D54-9E9A-85AFA7AA7DCE} = {8245C3AD-DE18-4566-A8A5-28B9FB066DF2}
		{30E508F9-EEFE-499A-955F-9611F17B2F18} = {24DD620C-52F8-48CA-9563-8D2FC11CB8CF}
		{78801604-368E-41A0-85CE-E0BD72B57CA4} = {24DD620C-52F8-48CA-9563-8D2FC11CB8CF}
		{93FEB4D6-2126-4EF8-B318-C2CFA71AFB85} = {F078F671-74CA-4CA7-AC11-234D38B6CEA6}
		{8B9F9F07-4925-49E7-9D0C-EF4CD43AD879} = {F078F671-74CA-4CA7-AC11-234D38B6CEA6}
		{B7E37103-BBD1-4E21-83EA-133223422B29} = {0570A6D6-F108-42EA-967B-CFA1F2178D2A}
		{66D52BB3-C3E6-4DFD-89B9-763645936901} = {0570A6D6-F108-42EA-967B-CFA1F2178D2A}
	EndGlobalSection
	GlobalSection(ExtensibilityGlobals) = postSolution
		SolutionGuid = {AB3208F1-7188-4F4A-B50E-A8CC4E1794D6}
	EndGlobalSection
EndGlobal
