
Microsoft Visual Studio Solution File, Format Version 12.00
# Visual Studio 15
VisualStudioVersion = 15.0.26430.6
MinimumVisualStudioVersion = 10.0.40219.1
Project("{FAE04EC0-301F-11D3-BF4B-00C04F79EFBC}") = "Base64GUI", "Base64GUI\Base64GUI.csproj", "{556B9150-D5BC-414F-AC23-63C5A852D40F}"
EndProject
Project("{FAE04EC0-301F-11D3-BF4B-00C04F79EFBC}") = "Base64Library", "Base64Library\Base64Library.csproj", "{F026D304-5458-4D54-9E9A-85AFA7AA7DCE}"
EndProject
Global
	GlobalSection(SolutionConfigurationPlatforms) = preSolution
		Debug|Any CPU = Debug|Any CPU
		Release|Any CPU = Release|Any CPU
	EndGlobalSection
	GlobalSection(ProjectConfigurationPlatforms) = postSolution
		{556B9150-D5BC-414F-AC23-63C5A852D40F}.Debug|Any CPU.ActiveCfg = Debug|Any CPU
		{556B9150-D5BC-414F-AC23-63C5A852D40F}.Debug|Any CPU.Build.0 = Debug|Any CPU
		{556B9150-D5BC-414F-AC23-63C5A852D40F}.Release|Any CPU.ActiveCfg = Release|Any CPU
		{556B9150-D5BC-414F-AC23-63C5A852D40F}.Release|Any CPU.Build.0 = Release|Any CPU
		{F026D304-5458-4D54-9E9A-85AFA7AA7DCE}.Debug|Any CPU.ActiveCfg = Debug|Any CPU
		{F026D304-5458-4D54-9E9A-85AFA7AA7DCE}.Debug|Any CPU.Build.0 = Debug|Any CPU
		{F026D304-5458-4D54-9E9A-85AFA7AA7DCE}.Release|Any CPU.ActiveCfg = Release|Any CPU
		{F026D304-5458-4D54-9E9A-85AFA7AA7DCE}.Release|Any CPU.Build.0 = Release|Any CPU
	EndGlobalSection
	GlobalSection(SolutionProperties) = preSolution
		HideSolutionNode = FALSE
	EndGlobalSection
EndGlobal
